
Microsoft Visual Studio Solution File, Format Version 12.00
Project("{FAE04EC0-301F-11D3-BF4B-00C04F79EFBC}") = "Lab00", "Lab00\Lab00.csproj", "{F56D52EE-A951-4BA1-867E-10B25DBFC118}"
EndProject
Global
	GlobalSection(SolutionConfigurationPlatforms) = preSolution
		Debug|Any CPU = Debug|Any CPU
		Release|Any CPU = Release|Any CPU
	EndGlobalSection
	GlobalSection(ProjectConfigurationPlatforms) = postSolution
		{F56D52EE-A951-4BA1-867E-10B25DBFC118}.Debug|Any CPU.ActiveCfg = Debug|Any CPU
		{F56D52EE-A951-4BA1-867E-10B25DBFC118}.Debug|Any CPU.Build.0 = Debug|Any CPU
		{F56D52EE-A951-4BA1-867E-10B25DBFC118}.Release|Any CPU.ActiveCfg = Release|Any CPU
		{F56D52EE-A951-4BA1-867E-10B25DBFC118}.Release|Any CPU.Build.0 = Release|Any CPU
	EndGlobalSection
EndGlobal
